
Microsoft Visual Studio Solution File, Format Version 12.00
# Visual Studio Version 16
VisualStudioVersion = 16.0.32002.261
MinimumVisualStudioVersion = 10.0.40219.1
Project("{FAE04EC0-301F-11D3-BF4B-00C04F79EFBC}") = "BS_Extractor", "BS_Extractor.csproj", "{AE3D959C-BA85-4876-A0F3-7D2E57FC4452}"
EndProject
Global
	GlobalSection(SolutionConfigurationPlatforms) = preSolution
		Debug|Any CPU = Debug|Any CPU
		Release|Any CPU = Release|Any CPU
	EndGlobalSection
	GlobalSection(ProjectConfigurationPlatforms) = postSolution
		{AE3D959C-BA85-4876-A0F3-7D2E57FC4452}.Debug|Any CPU.ActiveCfg = Debug|Any CPU
		{AE3D959C-BA85-4876-A0F3-7D2E57FC4452}.Debug|Any CPU.Build.0 = Debug|Any CPU
		{AE3D959C-BA85-4876-A0F3-7D2E57FC4452}.Release|Any CPU.ActiveCfg = Release|Any CPU
		{AE3D959C-BA85-4876-A0F3-7D2E57FC4452}.Release|Any CPU.Build.0 = Release|Any CPU
	EndGlobalSection
	GlobalSection(SolutionProperties) = preSolution
		HideSolutionNode = FALSE
	EndGlobalSection
	GlobalSection(ExtensibilityGlobals) = postSolution
		SolutionGuid = {D91C48D4-7258-4F8C-89CE-D6A52A454A2E}
	EndGlobalSection
EndGlobal
